{
    "_meta": {
        "hash": {
            "sha256": "6c844990ba7c486d8cbb8dae702e355a85a836cb5ef395256cc81c909c7fca30"
        },
        "pipfile-spec": 6,
        "requires": {
            "python_version": "3.12"
        },
        "sources": [
            {
                "name": "pypi",
                "url": "https://pypi.org/simple",
                "verify_ssl": true
            }
        ]
    },
    "default": {
        "boto3": {
            "hashes": [
                "sha256:43a6e99f53a8d34b3b4dbe424dbcc6b894350dc41a85b0af7c7bc24a7ec2cead",
                "sha256:a048ff980a81cd652724a73bc496c519b336fabe19cc8bfc6c53b2ff6eb22c7b"
            ],
            "index": "pypi",
            "markers": "python_version >= '3.8'",
            "version": "==1.34.128"
        },
        "botocore": {
            "hashes": [
                "sha256:8d8e03f7c8c080ecafda72036eb3b482d649f8417c90b5dca33b7c2c47adb0c9",
                "sha256:db67fda136c372ab3fa432580c819c89ba18d28a6152a4d2a7ea40d44082892e"
            ],
            "markers": "python_version >= '3.8'",
            "version": "==1.34.128"
        },
        "certifi": {
            "hashes": [
                "sha256:3cd43f1c6fa7dedc5899d69d3ad0398fd018ad1a17fba83ddaf78aa46c747516",
                "sha256:ddc6c8ce995e6987e7faf5e3f1b02b302836a0e5d98ece18392cb1a36c72ad56"
            ],
            "markers": "python_version >= '3.6'",
            "version": "==2024.6.2"
        },
        "clickhouse-connect": {
            "hashes": [
                "sha256:044d137fa82c0d1a543228ebf0185a7601fd3611b95e0fd5a424cfc2781d7c0a",
                "sha256:054f9a80bcfa2836f1357f8007f71c79c626f98407f4f37a36608687b0aec2d2",
                "sha256:0631f32bae3d00a761a321eddf54152c2b060d678e6af83558ab0ad298b273af",
                "sha256:09e2088caaae539e64c3c8b5aa52c43e6d7de8a1db3178afe0cc3c25a5edf6e9",
                "sha256:0c38b7759c8fc91c1555eb84eb55475d2bbff6894da0f46b5c935702360cec1a",
                "sha256:0eb64404e24b12759c05bfdca88f4ffe5af3b1915a115f736bdc9362e2b06758",
                "sha256:19feb877e7974623fd9ddabcc9f62e11bc075f8599ec8d5d3031d17e1f954f14",
                "sha256:1fc395b7b921fd67c3b5b0511f4ca4a9f6d25b00919727508ae5a5f3ac5491cd",
                "sha256:2570e4c616d27724427345be08c86db5e815bc382090714d815869e155581671",
                "sha256:278bfaa6ce75cbac6563e606db093439027f5ba9c7422cf5b8af23cd6364b4fe",
                "sha256:333c1d0c4f05588ae109ad6cde9540644274d50b8bab923dc187452c9df05d87",
                "sha256:35d7239bdc6c82369da911d14b2dee9dfd129f0f18ff203bd9043f0757d18900",
                "sha256:4bca9c3ef83283c39288dff10c8071273249ef200b0ce13dbc16d857862d11e8",
                "sha256:50cd0694f5716f654de183491fc3d19db2db1245e4c19005d39cbf6e2784c026",
                "sha256:575a1d4983642e364650deb66641fc6b6dfd0195ac91447865a6953810e1401d",
                "sha256:59459da39869ba02de04fad4ddcbbf17a53fcf2209ba6eb1527417b480a30e91",
                "sha256:5bd1b0c48a71b2fe060eeeb2728b9b2ae6e253030fa051997ad7eab09f7f0f43",
                "sha256:5ea924f7649474d1868164a0588b67a7f86c11ffa1b1e81fb3e1b728010899f0",
                "sha256:61e6bcbcec116ef67014e87a49ac661544e8df1ed5786949cd486e0d75ae0891",
                "sha256:670481c0a936de6782aef22d52569235d8601a2a508bacd436315cbac2f88ad7",
                "sha256:675d9c39fdb46e83f8b15a39980f0d4e40d879bf4625284b65938ad73d23b9bd",
                "sha256:6caa70f5d67e8d41509aee816d2726f8d40940565337625f3db1545cfdf1dd8b",
                "sha256:6e44efb721fd6fd0aee778dbf3f20db9b825f94183f66446ce4653ef5b209957",
                "sha256:733be84f5288e6ac4f22e0689534fb9d6001372f9ab7165a10db909cd67efccc",
                "sha256:7356c8cf02dc902304b376fa838ac84bc1ae74b91bb52a389ed4966eae088064",
                "sha256:76decbb6c89ce40dea54ba4469a992bdb05768feac8c01b071ce431cdb0689cd",
                "sha256:7e91505ced27ddb50360ba0dcc731136b2e665efc31b3c9ec2528ba246f0f075",
                "sha256:808213bb3e628d236125ecd2699f30db7f342f80d1b1c95fd2c85248872f3be2",
                "sha256:80d19842d770824e056f4aa2884d559eb281aae51c83a3030cc719b04132603b",
                "sha256:84fe9401c7013ead9ddd01d03efc5cba8952addbf9ff13c583577f3734afe301",
                "sha256:874dffe4fe7df0fca4cc1e5abe45291e85e47c500631b3b8f88ec46e5347c4c7",
                "sha256:89f71869133cc7055c9ccea087725a49b18355df83898192eece77a646a0e68f",
                "sha256:89f746b87019dda0da388bdb2a9c490a340879c05ce10eba7ac10e70222701b1",
                "sha256:907437edc24c04d1c8a9c0c773de68633b087f59978713fe47ccf92c87a78a4c",
                "sha256:94d2467e9c4662aa8d86c07a43e7d4d4fbeb829c26c32a25ad6347a24d005736",
                "sha256:9a4076dfde8c784e5bc87746e450d30055c0784d72e4dc8ad7ca56119d26a484",
                "sha256:9af63bf9b2011c595f353e120b6635f2f2dfce03296556a25fdb6f94c8c818e1",
                "sha256:9de0d3832842ee944ef167dea626abfc04d5770c55854d99a9de4c1e23b1a3cc",
                "sha256:a00343a7af7955c3505adbfb586df81bf4bd4b2b793454e7211abc76d8f3903e",
                "sha256:a110a5248b0c5a39f1f00da933cec3eba184ec7295a2fa1d21b0e87dfc576d35",
                "sha256:a8305e77421cdf8cc5cb2491e26ab4012b28edbfea095048d1d0e2b3a54a86b7",
                "sha256:a860370f04ecb5cba994f06b75e73f8453ee83058e4d05cf2caeddc02dfcf352",
                "sha256:ae284bb38f6315dcea9865f0bf2f6089290631a2b77b9a228f22992b877fb8e9",
                "sha256:b5622f161071a37e4e6357955c08ad55892f559629a63c4ba998dd6c69807963",
                "sha256:b56e5f4a9857ba842762d34b83930f1ac34d0d2443af646267f012d568453341",
                "sha256:b59754a2f369b511e2810e26f8674faf7918fd056dc23e749f3a12bd3035f95f",
                "sha256:b68dc7a19c295c874623dd808330926dd109237696b2d9d1b64ef774a3e31e91",
                "sha256:bf1731c148d7e7de65569ece1d0a0e7b298bebfb9855d1a1120b4b6d89f57c53",
                "sha256:c40995f63c59f9e2dedb61ff7baa4e4971841cbe42aab26a5240f035c6fdde5d",
                "sha256:c93b1a82392b90971dd7af718b4aaf0cc1b4fd9ef877dbf4d8075f8beca27cee",
                "sha256:d034a09ee5a2f9f6c3cef7473d8171bdb0a9000a49ab7fadc6f48d936e8a25ce",
                "sha256:d76be5fcae367861cd72344498a13aae8702a78befd20a3571e980d3442c08a1",
                "sha256:d7b0c2d83e7573544a07f3c2e5f249e5175906fa2e742135833962af66aa40b6",
                "sha256:dabdc50e21f446cd378b2925d4babaf4b0332f99b3235bfa627db7ae001aea04",
                "sha256:dda7a1c7ea243dd9a1f7b6763c8add6c7c971ac78ca6cf6de1fb95f7cd8ee994",
                "sha256:e10b29bb9c47cffe804862c3575e447470434bf12189c687417d761711ddae17",
                "sha256:e624cf4a9f12320c883bfefdbeac8e40681b0094ddef70b326ac530980b2aa5d",
                "sha256:e8ccc899d92a091713308a1715ccb015ada1cfc1ffa04f90722ad904e9388151",
                "sha256:eef01173b7ac2c7638b75334f4de45e9fef0f42164488b3feaac8fb0f32fa0e5",
                "sha256:ef0a4aa684ff2b9e22ff8ac92c77395bae5302c28098a9743a3e0f82dab02e8f",
                "sha256:f09f510efb0d10d3f09a36780e2b535a586e8d1c3d4976fc911e3f669c0f30b5",
                "sha256:f1093024c0d56fa466b9d6d84d9141ce425c8a61563aaea153b4ab904b019dee",
                "sha256:f7cf7558d7756c4b1177272cbf58bc8f812ca1453906314696d8c0d81c96615d",
                "sha256:f816b947e3a78e9e0ccc0d94c6b24541ab534d4e408ac106151a3844322b0a3f",
                "sha256:f98e594289c939b5a037375e5c0bac5768d0b206549a0966e2df5d8b40f8f4b7",
                "sha256:fb28e5e0d49b0c818cad36d7f91927df9c48e07dd9b4e59e19fcb04a344d0e9c"
            ],
            "index": "pypi",
            "markers": "python_version ~= '3.8'",
            "version": "==0.7.12"
        },
        "fluent-logger": {
            "hashes": [
                "sha256:1601c4b929a93b4aef03310573387ac808cf4463cdeaf619c39b257da34c0c0c",
                "sha256:6727525ba08671b758e3ac222f36fa3345bc1a77b81e7ddbc045ced68f44cd77"
            ],
            "index": "pypi",
            "markers": "python_version >= '3.7'",
            "version": "==0.11.1"
        },
        "jmespath": {
            "hashes": [
                "sha256:02e2e4cc71b5bcab88332eebf907519190dd9e6e82107fa7f83b1003a6252980",
                "sha256:90261b206d6defd58fdd5e85f478bf633a2901798906be2ad389150c5c60edbe"
            ],
            "markers": "python_version >= '3.7'",
            "version": "==1.0.1"
        },
        "joblib": {
            "hashes": [
                "sha256:06d478d5674cbc267e7496a410ee875abd68e4340feff4490bcb7afb88060ae6",
                "sha256:2382c5816b2636fbd20a09e0f4e9dad4736765fdfb7dca582943b9c1366b3f0e"
            ],
            "index": "pypi",
            "markers": "python_version >= '3.8'",
            "version": "==1.4.2"
        },
        "lz4": {
            "hashes": [
                "sha256:01fe674ef2889dbb9899d8a67361e0c4a2c833af5aeb37dd505727cf5d2a131e",
                "sha256:054b4631a355606e99a42396f5db4d22046a3397ffc3269a348ec41eaebd69d2",
                "sha256:0a136e44a16fc98b1abc404fbabf7f1fada2bdab6a7e970974fb81cf55b636d0",
                "sha256:0e9c410b11a31dbdc94c05ac3c480cb4b222460faf9231f12538d0074e56c563",
                "sha256:222a7e35137d7539c9c33bb53fcbb26510c5748779364014235afc62b0ec797f",
                "sha256:24b3206de56b7a537eda3a8123c644a2b7bf111f0af53bc14bed90ce5562d1aa",
                "sha256:2b901c7784caac9a1ded4555258207d9e9697e746cc8532129f150ffe1f6ba0d",
                "sha256:2f7b1839f795315e480fb87d9bc60b186a98e3e5d17203c6e757611ef7dcef61",
                "sha256:30e8c20b8857adef7be045c65f47ab1e2c4fabba86a9fa9a997d7674a31ea6b6",
                "sha256:31ea4be9d0059c00b2572d700bf2c1bc82f241f2c3282034a759c9a4d6ca4dc2",
                "sha256:337cb94488a1b060ef1685187d6ad4ba8bc61d26d631d7ba909ee984ea736be1",
                "sha256:33c9a6fd20767ccaf70649982f8f3eeb0884035c150c0b818ea660152cf3c809",
                "sha256:363ab65bf31338eb364062a15f302fc0fab0a49426051429866d71c793c23394",
                "sha256:43cf03059c0f941b772c8aeb42a0813d68d7081c009542301637e5782f8a33e2",
                "sha256:56f4fe9c6327adb97406f27a66420b22ce02d71a5c365c48d6b656b4aaeb7775",
                "sha256:5d35533bf2cee56f38ced91f766cd0038b6abf46f438a80d50c52750088be93f",
                "sha256:6756212507405f270b66b3ff7f564618de0606395c0fe10a7ae2ffcbbe0b1fba",
                "sha256:6cdc60e21ec70266947a48839b437d46025076eb4b12c76bd47f8e5eb8a75dcc",
                "sha256:abc197e4aca8b63f5ae200af03eb95fb4b5055a8f990079b5bdf042f568469dd",
                "sha256:b14d948e6dce389f9a7afc666d60dd1e35fa2138a8ec5306d30cd2e30d36b40c",
                "sha256:b47839b53956e2737229d70714f1d75f33e8ac26e52c267f0197b3189ca6de24",
                "sha256:b6d9ec061b9eca86e4dcc003d93334b95d53909afd5a32c6e4f222157b50c071",
                "sha256:b891880c187e96339474af2a3b2bfb11a8e4732ff5034be919aa9029484cd201",
                "sha256:bca8fccc15e3add173da91be8f34121578dc777711ffd98d399be35487c934bf",
                "sha256:c81703b12475da73a5d66618856d04b1307e43428a7e59d98cfe5a5d608a74c6",
                "sha256:d2507ee9c99dbddd191c86f0e0c8b724c76d26b0602db9ea23232304382e1f21",
                "sha256:e36cd7b9d4d920d3bfc2369840da506fa68258f7bb176b8743189793c055e43d",
                "sha256:e7d84b479ddf39fe3ea05387f10b779155fc0990125f4fb35d636114e1c63a2e",
                "sha256:eac9af361e0d98335a02ff12fb56caeb7ea1196cf1a49dbf6f17828a131da807",
                "sha256:edfd858985c23523f4e5a7526ca6ee65ff930207a7ec8a8f57a01eae506aaee7",
                "sha256:ee9ff50557a942d187ec85462bb0960207e7ec5b19b3b48949263993771c6205",
                "sha256:f0e822cd7644995d9ba248cb4b67859701748a93e2ab7fc9bc18c599a52e4604",
                "sha256:f180904f33bdd1e92967923a43c22899e303906d19b2cf8bb547db6653ea6e7d",
                "sha256:f1d18718f9d78182c6b60f568c9a9cec8a7204d7cb6fad4e511a2ef279e4cb05",
                "sha256:f4c7bf687303ca47d69f9f0133274958fd672efaa33fb5bcde467862d6c621f0",
                "sha256:f76176492ff082657ada0d0f10c794b6da5800249ef1692b35cf49b1e93e8ef7"
            ],
            "markers": "python_version >= '3.8'",
            "version": "==4.3.3"
        },
        "msgpack": {
            "hashes": [
                "sha256:00e073efcba9ea99db5acef3959efa45b52bc67b61b00823d2a1a6944bf45982",
                "sha256:0726c282d188e204281ebd8de31724b7d749adebc086873a59efb8cf7ae27df3",
                "sha256:0ceea77719d45c839fd73abcb190b8390412a890df2f83fb8cf49b2a4b5c2f40",
                "sha256:114be227f5213ef8b215c22dde19532f5da9652e56e8ce969bf0a26d7c419fee",
                "sha256:13577ec9e247f8741c84d06b9ece5f654920d8365a4b636ce0e44f15e07ec693",
                "sha256:1876b0b653a808fcd50123b953af170c535027bf1d053b59790eebb0aeb38950",
                "sha256:1ab0bbcd4d1f7b6991ee7c753655b481c50084294218de69365f8f1970d4c151",
                "sha256:1cce488457370ffd1f953846f82323cb6b2ad2190987cd4d70b2713e17268d24",
                "sha256:26ee97a8261e6e35885c2ecd2fd4a6d38252246f94a2aec23665a4e66d066305",
                "sha256:3528807cbbb7f315bb81959d5961855e7ba52aa60a3097151cb21956fbc7502b",
                "sha256:374a8e88ddab84b9ada695d255679fb99c53513c0a51778796fcf0944d6c789c",
                "sha256:376081f471a2ef24828b83a641a02c575d6103a3ad7fd7dade5486cad10ea659",
                "sha256:3923a1778f7e5ef31865893fdca12a8d7dc03a44b33e2a5f3295416314c09f5d",
                "sha256:4916727e31c28be8beaf11cf117d6f6f188dcc36daae4e851fee88646f5b6b18",
                "sha256:493c5c5e44b06d6c9268ce21b302c9ca055c1fd3484c25ba41d34476c76ee746",
                "sha256:505fe3d03856ac7d215dbe005414bc28505d26f0c128906037e66d98c4e95868",
                "sha256:5845fdf5e5d5b78a49b826fcdc0eb2e2aa7191980e3d2cfd2a30303a74f212e2",
                "sha256:5c330eace3dd100bdb54b5653b966de7f51c26ec4a7d4e87132d9b4f738220ba",
                "sha256:5dbf059fb4b7c240c873c1245ee112505be27497e90f7c6591261c7d3c3a8228",
                "sha256:5e390971d082dba073c05dbd56322427d3280b7cc8b53484c9377adfbae67dc2",
                "sha256:5fbb160554e319f7b22ecf530a80a3ff496d38e8e07ae763b9e82fadfe96f273",
                "sha256:64d0fcd436c5683fdd7c907eeae5e2cbb5eb872fafbc03a43609d7941840995c",
                "sha256:69284049d07fce531c17404fcba2bb1df472bc2dcdac642ae71a2d079d950653",
                "sha256:6a0e76621f6e1f908ae52860bdcb58e1ca85231a9b0545e64509c931dd34275a",
                "sha256:73ee792784d48aa338bba28063e19a27e8d989344f34aad14ea6e1b9bd83f596",
                "sha256:74398a4cf19de42e1498368c36eed45d9528f5fd0155241e82c4082b7e16cffd",
                "sha256:7938111ed1358f536daf311be244f34df7bf3cdedb3ed883787aca97778b28d8",
                "sha256:82d92c773fbc6942a7a8b520d22c11cfc8fd83bba86116bfcf962c2f5c2ecdaa",
                "sha256:83b5c044f3eff2a6534768ccfd50425939e7a8b5cf9a7261c385de1e20dcfc85",
                "sha256:8db8e423192303ed77cff4dce3a4b88dbfaf43979d280181558af5e2c3c71afc",
                "sha256:9517004e21664f2b5a5fd6333b0731b9cf0817403a941b393d89a2f1dc2bd836",
                "sha256:95c02b0e27e706e48d0e5426d1710ca78e0f0628d6e89d5b5a5b91a5f12274f3",
                "sha256:99881222f4a8c2f641f25703963a5cefb076adffd959e0558dc9f803a52d6a58",
                "sha256:9ee32dcb8e531adae1f1ca568822e9b3a738369b3b686d1477cbc643c4a9c128",
                "sha256:a22e47578b30a3e199ab067a4d43d790249b3c0587d9a771921f86250c8435db",
                "sha256:b5505774ea2a73a86ea176e8a9a4a7c8bf5d521050f0f6f8426afe798689243f",
                "sha256:bd739c9251d01e0279ce729e37b39d49a08c0420d3fee7f2a4968c0576678f77",
                "sha256:d16a786905034e7e34098634b184a7d81f91d4c3d246edc6bd7aefb2fd8ea6ad",
                "sha256:d3420522057ebab1728b21ad473aa950026d07cb09da41103f8e597dfbfaeb13",
                "sha256:d56fd9f1f1cdc8227d7b7918f55091349741904d9520c65f0139a9755952c9e8",
                "sha256:d661dc4785affa9d0edfdd1e59ec056a58b3dbb9f196fa43587f3ddac654ac7b",
                "sha256:dfe1f0f0ed5785c187144c46a292b8c34c1295c01da12e10ccddfc16def4448a",
                "sha256:e1dd7839443592d00e96db831eddb4111a2a81a46b028f0facd60a09ebbdd543",
                "sha256:e2872993e209f7ed04d963e4b4fbae72d034844ec66bc4ca403329db2074377b",
                "sha256:e2f879ab92ce502a1e65fce390eab619774dda6a6ff719718069ac94084098ce",
                "sha256:e3aa7e51d738e0ec0afbed661261513b38b3014754c9459508399baf14ae0c9d",
                "sha256:e532dbd6ddfe13946de050d7474e3f5fb6ec774fbb1a188aaf469b08cf04189a",
                "sha256:e6b7842518a63a9f17107eb176320960ec095a8ee3b4420b5f688e24bf50c53c",
                "sha256:e75753aeda0ddc4c28dce4c32ba2f6ec30b1b02f6c0b14e547841ba5b24f753f",
                "sha256:eadb9f826c138e6cf3c49d6f8de88225a3c0ab181a9b4ba792e006e5292d150e",
                "sha256:ed59dd52075f8fc91da6053b12e8c89e37aa043f8986efd89e61fae69dc1b011",
                "sha256:ef254a06bcea461e65ff0373d8a0dd1ed3aa004af48839f002a0c994a6f72d04",
                "sha256:f3709997b228685fe53e8c433e2df9f0cdb5f4542bd5114ed17ac3c0129b0480",
                "sha256:f51bab98d52739c50c56658cc303f190785f9a2cd97b823357e7aeae54c8f68a",
                "sha256:f9904e24646570539a8950400602d66d2b2c492b9010ea7e965025cb71d0c86d",
                "sha256:f9af38a89b6a5c04b7d18c492c8ccf2aee7048aff1ce8437c4683bb5a1df893d"
            ],
            "markers": "python_version >= '3.8'",
            "version": "==1.0.8"
        },
        "numpy": {
            "hashes": [
                "sha256:04494f6ec467ccb5369d1808570ae55f6ed9b5809d7f035059000a37b8d7e86f",
                "sha256:0a43f0974d501842866cc83471bdb0116ba0dffdbaac33ec05e6afed5b615238",
                "sha256:0e50842b2295ba8414c8c1d9d957083d5dfe9e16828b37de883f51fc53c4016f",
                "sha256:0ec84b9ba0654f3b962802edc91424331f423dcf5d5f926676e0150789cb3d95",
                "sha256:17067d097ed036636fa79f6a869ac26df7db1ba22039d962422506640314933a",
                "sha256:1cde1753efe513705a0c6d28f5884e22bdc30438bf0085c5c486cdaff40cd67a",
                "sha256:1e72728e7501a450288fc8e1f9ebc73d90cfd4671ebbd631f3e7857c39bd16f2",
                "sha256:2635dbd200c2d6faf2ef9a0d04f0ecc6b13b3cad54f7c67c61155138835515d2",
                "sha256:2ce46fd0b8a0c947ae047d222f7136fc4d55538741373107574271bc00e20e8f",
                "sha256:34f003cb88b1ba38cb9a9a4a3161c1604973d7f9d5552c38bc2f04f829536609",
                "sha256:354f373279768fa5a584bac997de6a6c9bc535c482592d7a813bb0c09be6c76f",
                "sha256:38ecb5b0582cd125f67a629072fed6f83562d9dd04d7e03256c9829bdec027ad",
                "sha256:3e8e01233d57639b2e30966c63d36fcea099d17c53bf424d77f088b0f4babd86",
                "sha256:3f6bed7f840d44c08ebdb73b1825282b801799e325bcbdfa6bc5c370e5aecc65",
                "sha256:4554eb96f0fd263041baf16cf0881b3f5dafae7a59b1049acb9540c4d57bc8cb",
                "sha256:46e161722e0f619749d1cd892167039015b2c2817296104487cd03ed4a955995",
                "sha256:49d9f7d256fbc804391a7f72d4a617302b1afac1112fac19b6c6cec63fe7fe8a",
                "sha256:4d2f62e55a4cd9c58c1d9a1c9edaedcd857a73cb6fda875bf79093f9d9086f85",
                "sha256:5f64641b42b2429f56ee08b4f427a4d2daf916ec59686061de751a55aafa22e4",
                "sha256:63b92c512d9dbcc37f9d81b123dec99fdb318ba38c8059afc78086fe73820275",
                "sha256:6d7696c615765091cc5093f76fd1fa069870304beaccfd58b5dcc69e55ef49c1",
                "sha256:79e843d186c8fb1b102bef3e2bc35ef81160ffef3194646a7fdd6a73c6b97196",
                "sha256:821eedb7165ead9eebdb569986968b541f9908979c2da8a4967ecac4439bae3d",
                "sha256:84554fc53daa8f6abf8e8a66e076aff6ece62de68523d9f665f32d2fc50fd66e",
                "sha256:8d83bb187fb647643bd56e1ae43f273c7f4dbcdf94550d7938cfc32566756514",
                "sha256:903703372d46bce88b6920a0cd86c3ad82dae2dbef157b5fc01b70ea1cfc430f",
                "sha256:9416a5c2e92ace094e9f0082c5fd473502c91651fb896bc17690d6fc475128d6",
                "sha256:9a1712c015831da583b21c5bfe15e8684137097969c6d22e8316ba66b5baabe4",
                "sha256:9c27f0946a3536403efb0e1c28def1ae6730a72cd0d5878db38824855e3afc44",
                "sha256:a356364941fb0593bb899a1076b92dfa2029f6f5b8ba88a14fd0984aaf76d0df",
                "sha256:a7039a136017eaa92c1848152827e1424701532ca8e8967fe480fe1569dae581",
                "sha256:acd3a644e4807e73b4e1867b769fbf1ce8c5d80e7caaef0d90dcdc640dfc9787",
                "sha256:ad0c86f3455fbd0de6c31a3056eb822fc939f81b1618f10ff3406971893b62a5",
                "sha256:b4c76e3d4c56f145d41b7b6751255feefae92edbc9a61e1758a98204200f30fc",
                "sha256:b6f6a8f45d0313db07d6d1d37bd0b112f887e1369758a5419c0370ba915b3871",
                "sha256:c5a59996dc61835133b56a32ebe4ef3740ea5bc19b3983ac60cc32be5a665d54",
                "sha256:c73aafd1afca80afecb22718f8700b40ac7cab927b8abab3c3e337d70e10e5a2",
                "sha256:cee6cc0584f71adefe2c908856ccc98702baf95ff80092e4ca46061538a2ba98",
                "sha256:cef04d068f5fb0518a77857953193b6bb94809a806bd0a14983a8f12ada060c9",
                "sha256:cf5d1c9e6837f8af9f92b6bd3e86d513cdc11f60fd62185cc49ec7d1aba34864",
                "sha256:e61155fae27570692ad1d327e81c6cf27d535a5d7ef97648a17d922224b216de",
                "sha256:e7f387600d424f91576af20518334df3d97bc76a300a755f9a8d6e4f5cadd289",
                "sha256:ed08d2703b5972ec736451b818c2eb9da80d66c3e84aed1deeb0c345fefe461b",
                "sha256:fbd6acc766814ea6443628f4e6751d0da6593dae29c08c0b2606164db026970c",
                "sha256:feff59f27338135776f6d4e2ec7aeeac5d5f7a08a83e80869121ef8164b74af9"
            ],
            "markers": "python_version >= '3.12'",
            "version": "==2.0.0"
        },
        "pandas": {
            "hashes": [
                "sha256:001910ad31abc7bf06f49dcc903755d2f7f3a9186c0c040b827e522e9cef0863",
                "sha256:0ca6377b8fca51815f382bd0b697a0814c8bda55115678cbc94c30aacbb6eff2",
                "sha256:0cace394b6ea70c01ca1595f839cf193df35d1575986e484ad35c4aeae7266c1",
                "sha256:1cb51fe389360f3b5a4d57dbd2848a5f033350336ca3b340d1c53a1fad33bcad",
                "sha256:2925720037f06e89af896c70bca73459d7e6a4be96f9de79e2d440bd499fe0db",
                "sha256:3e374f59e440d4ab45ca2fffde54b81ac3834cf5ae2cdfa69c90bc03bde04d76",
                "sha256:40ae1dffb3967a52203105a077415a86044a2bea011b5f321c6aa64b379a3f51",
                "sha256:43498c0bdb43d55cb162cdc8c06fac328ccb5d2eabe3cadeb3529ae6f0517c32",
                "sha256:4abfe0be0d7221be4f12552995e58723c7422c80a659da13ca382697de830c08",
                "sha256:58b84b91b0b9f4bafac2a0ac55002280c094dfc6402402332c0913a59654ab2b",
                "sha256:640cef9aa381b60e296db324337a554aeeb883ead99dc8f6c18e81a93942f5f4",
                "sha256:66b479b0bd07204e37583c191535505410daa8df638fd8e75ae1b383851fe921",
                "sha256:696039430f7a562b74fa45f540aca068ea85fa34c244d0deee539cb6d70aa288",
                "sha256:6d2123dc9ad6a814bcdea0f099885276b31b24f7edf40f6cdbc0912672e22eee",
                "sha256:8635c16bf3d99040fdf3ca3db669a7250ddf49c55dc4aa8fe0ae0fa8d6dcc1f0",
                "sha256:873d13d177501a28b2756375d59816c365e42ed8417b41665f346289adc68d24",
                "sha256:8e5a0b00e1e56a842f922e7fae8ae4077aee4af0acb5ae3622bd4b4c30aedf99",
                "sha256:8e90497254aacacbc4ea6ae5e7a8cd75629d6ad2b30025a4a8b09aa4faf55151",
                "sha256:9057e6aa78a584bc93a13f0a9bf7e753a5e9770a30b4d758b8d5f2a62a9433cd",
                "sha256:90c6fca2acf139569e74e8781709dccb6fe25940488755716d1d354d6bc58bce",
                "sha256:92fd6b027924a7e178ac202cfbe25e53368db90d56872d20ffae94b96c7acc57",
                "sha256:9dfde2a0ddef507a631dc9dc4af6a9489d5e2e740e226ad426a05cabfbd7c8ef",
                "sha256:9e79019aba43cb4fda9e4d983f8e88ca0373adbb697ae9c6c43093218de28b54",
                "sha256:a77e9d1c386196879aa5eb712e77461aaee433e54c68cf253053a73b7e49c33a",
                "sha256:c7adfc142dac335d8c1e0dcbd37eb8617eac386596eb9e1a1b77791cf2498238",
                "sha256:d187d355ecec3629624fccb01d104da7d7f391db0311145817525281e2804d23",
                "sha256:ddf818e4e6c7c6f4f7c8a12709696d193976b591cc7dc50588d3d1a6b5dc8772",
                "sha256:e9b79011ff7a0f4b1d6da6a61aa1aa604fb312d6647de5bad20013682d1429ce",
                "sha256:eee3a87076c0756de40b05c5e9a6069c035ba43e8dd71c379e68cab2c20f16ad"
            ],
            "index": "pypi",
            "markers": "python_version >= '3.9'",
            "version": "==2.2.2"
        },
        "python-dateutil": {
            "hashes": [
                "sha256:37dd54208da7e1cd875388217d5e00ebd4179249f90fb72437e91a35459a0ad3",
                "sha256:a8b2bc7bffae282281c8140a97d3aa9c14da0b136dfe83f850eea9a5f7470427"
            ],
            "markers": "python_version >= '2.7' and python_version not in '3.0, 3.1, 3.2, 3.3'",
            "version": "==2.9.0.post0"
        },
        "pytz": {
            "hashes": [
                "sha256:2a29735ea9c18baf14b448846bde5a48030ed267578472d8955cd0e7443a9812",
                "sha256:328171f4e3623139da4983451950b28e95ac706e13f3f2630a879749e7a8b319"
            ],
            "version": "==2024.1"
        },
        "s3transfer": {
            "hashes": [
                "sha256:5683916b4c724f799e600f41dd9e10a9ff19871bf87623cc8f491cb4f5fa0a19",
                "sha256:ceb252b11bcf87080fb7850a224fb6e05c8a776bab8f2b64b7f25b969464839d"
            ],
            "markers": "python_version >= '3.8'",
            "version": "==0.10.1"
        },
        "six": {
            "hashes": [
                "sha256:1e61c37477a1626458e36f7b1d82aa5c9b094fa4802892072e49de9c60c4c926",
                "sha256:8abb2f1d86890a2dfb989f9a77cfcfd3e47c2a354b01111771326f8aa26e0254"
            ],
            "markers": "python_version >= '2.7' and python_version not in '3.0, 3.1, 3.2, 3.3'",
            "version": "==1.16.0"
        },
        "tzdata": {
            "hashes": [
                "sha256:2674120f8d891909751c38abcdfd386ac0a5a1127954fbc332af6b5ceae07efd",
                "sha256:9068bc196136463f5245e51efda838afa15aaeca9903f49050dfa2679db4d252"
            ],
            "markers": "python_version >= '2'",
            "version": "==2024.1"
        },
        "urllib3": {
            "hashes": [
                "sha256:a448b2f64d686155468037e1ace9f2d2199776e17f0a46610480d311f73e3472",
                "sha256:dd505485549a7a552833da5e6063639d0d177c04f23bc3864e41e5dc5f612168"
            ],
            "markers": "python_version >= '3.8'",
            "version": "==2.2.2"
        },
        "zstandard": {
            "hashes": [
                "sha256:11f0d1aab9516a497137b41e3d3ed4bbf7b2ee2abc79e5c8b010ad286d7464bd",
                "sha256:1958100b8a1cc3f27fa21071a55cb2ed32e9e5df4c3c6e661c193437f171cba2",
                "sha256:1a90ba9a4c9c884bb876a14be2b1d216609385efb180393df40e5172e7ecf356",
                "sha256:1d43501f5f31e22baf822720d82b5547f8a08f5386a883b32584a185675c8fbf",
                "sha256:23d2b3c2b8e7e5a6cb7922f7c27d73a9a615f0a5ab5d0e03dd533c477de23004",
                "sha256:2612e9bb4977381184bb2463150336d0f7e014d6bb5d4a370f9a372d21916f69",
                "sha256:275df437ab03f8c033b8a2c181e51716c32d831082d93ce48002a5227ec93019",
                "sha256:2ac9957bc6d2403c4772c890916bf181b2653640da98f32e04b96e4d6fb3252a",
                "sha256:2b11ea433db22e720758cba584c9d661077121fcf60ab43351950ded20283440",
                "sha256:2fdd53b806786bd6112d97c1f1e7841e5e4daa06810ab4b284026a1a0e484c0b",
                "sha256:33591d59f4956c9812f8063eff2e2c0065bc02050837f152574069f5f9f17775",
                "sha256:36a47636c3de227cd765e25a21dc5dace00539b82ddd99ee36abae38178eff9e",
                "sha256:39b2853efc9403927f9065cc48c9980649462acbdf81cd4f0cb773af2fd734bc",
                "sha256:3db41c5e49ef73641d5111554e1d1d3af106410a6c1fb52cf68912ba7a343a0d",
                "sha256:445b47bc32de69d990ad0f34da0e20f535914623d1e506e74d6bc5c9dc40bb09",
                "sha256:466e6ad8caefb589ed281c076deb6f0cd330e8bc13c5035854ffb9c2014b118c",
                "sha256:48f260e4c7294ef275744210a4010f116048e0c95857befb7462e033f09442fe",
                "sha256:4ac59d5d6910b220141c1737b79d4a5aa9e57466e7469a012ed42ce2d3995e88",
                "sha256:53866a9d8ab363271c9e80c7c2e9441814961d47f88c9bc3b248142c32141d94",
                "sha256:589402548251056878d2e7c8859286eb91bd841af117dbe4ab000e6450987e08",
                "sha256:68953dc84b244b053c0d5f137a21ae8287ecf51b20872eccf8eaac0302d3e3b0",
                "sha256:6c25b8eb733d4e741246151d895dd0308137532737f337411160ff69ca24f93a",
                "sha256:7034d381789f45576ec3f1fa0e15d741828146439228dc3f7c59856c5bcd3292",
                "sha256:73a1d6bd01961e9fd447162e137ed949c01bdb830dfca487c4a14e9742dccc93",
                "sha256:8226a33c542bcb54cd6bd0a366067b610b41713b64c9abec1bc4533d69f51e70",
                "sha256:888196c9c8893a1e8ff5e89b8f894e7f4f0e64a5af4d8f3c410f0319128bb2f8",
                "sha256:88c5b4b47a8a138338a07fc94e2ba3b1535f69247670abfe422de4e0b344aae2",
                "sha256:8a1b2effa96a5f019e72874969394edd393e2fbd6414a8208fea363a22803b45",
                "sha256:93e1856c8313bc688d5df069e106a4bc962eef3d13372020cc6e3ebf5e045202",
                "sha256:9501f36fac6b875c124243a379267d879262480bf85b1dbda61f5ad4d01b75a3",
                "sha256:959665072bd60f45c5b6b5d711f15bdefc9849dd5da9fb6c873e35f5d34d8cfb",
                "sha256:a1d67d0d53d2a138f9e29d8acdabe11310c185e36f0a848efa104d4e40b808e4",
                "sha256:a493d470183ee620a3df1e6e55b3e4de8143c0ba1b16f3ded83208ea8ddfd91d",
                "sha256:a7ccf5825fd71d4542c8ab28d4d482aace885f5ebe4b40faaa290eed8e095a4c",
                "sha256:a88b7df61a292603e7cd662d92565d915796b094ffb3d206579aaebac6b85d5f",
                "sha256:a97079b955b00b732c6f280d5023e0eefe359045e8b83b08cf0333af9ec78f26",
                "sha256:d22fdef58976457c65e2796e6730a3ea4a254f3ba83777ecfc8592ff8d77d303",
                "sha256:d75f693bb4e92c335e0645e8845e553cd09dc91616412d1d4650da835b5449df",
                "sha256:d8593f8464fb64d58e8cb0b905b272d40184eac9a18d83cf8c10749c3eafcd7e",
                "sha256:d8fff0f0c1d8bc5d866762ae95bd99d53282337af1be9dc0d88506b340e74b73",
                "sha256:de20a212ef3d00d609d0b22eb7cc798d5a69035e81839f549b538eff4105d01c",
                "sha256:e9e9d4e2e336c529d4c435baad846a181e39a982f823f7e4495ec0b0ec8538d2",
                "sha256:f058a77ef0ece4e210bb0450e68408d4223f728b109764676e1a13537d056bb0",
                "sha256:f1a4b358947a65b94e2501ce3e078bbc929b039ede4679ddb0460829b12f7375",
                "sha256:f9b2cde1cd1b2a10246dbc143ba49d942d14fb3d2b4bccf4618d475c65464912",
                "sha256:fe3390c538f12437b859d815040763abc728955a52ca6ff9c5d4ac707c4ad98e"
            ],
            "markers": "python_version >= '3.8'",
            "version": "==0.22.0"
        }
    },
    "develop": {}
}
